
Microsoft Visual Studio Solution File, Format Version 12.00
# Visual Studio Version 17
VisualStudioVersion = 17.9.34714.143
MinimumVisualStudioVersion = 10.0.40219.1
Project("{8BC9CEB8-8B4A-11D0-8D11-00A0C91BC942}") = "Jazz2", "Sources\Jazz2.vcxproj", "{7D39862C-AB77-4BE2-9DED-D330BD162623}"
EndProject
Global
	GlobalSection(SolutionConfigurationPlatforms) = preSolution
		Debug|ARM64EC = Debug|ARM64EC
		Debug|x64 = Debug|x64
		Debug|x86 = Debug|x86
		Release|ARM64EC = Release|ARM64EC
		Release|x64 = Release|x64
		Release|x86 = Release|x86
	EndGlobalSection
	GlobalSection(ProjectConfigurationPlatforms) = postSolution
		{7D39862C-AB77-4BE2-9DED-D330BD162623}.Debug|ARM64EC.ActiveCfg = Debug|ARM64EC
		{7D39862C-AB77-4BE2-9DED-D330BD162623}.Debug|ARM64EC.Build.0 = Debug|ARM64EC
		{7D39862C-AB77-4BE2-9DED-D330BD162623}.Debug|x64.ActiveCfg = Debug|x64
		{7D39862C-AB77-4BE2-9DED-D330BD162623}.Debug|x64.Build.0 = Debug|x64
		{7D39862C-AB77-4BE2-9DED-D330BD162623}.Debug|x86.ActiveCfg = Debug|Win32
		{7D39862C-AB77-4BE2-9DED-D330BD162623}.Debug|x86.Build.0 = Debug|Win32
		{7D39862C-AB77-4BE2-9DED-D330BD162623}.Release|ARM64EC.ActiveCfg = Release|ARM64EC
		{7D39862C-AB77-4BE2-9DED-D330BD162623}.Release|ARM64EC.Build.0 = Release|ARM64EC
		{7D39862C-AB77-4BE2-9DED-D330BD162623}.Release|x64.ActiveCfg = Release|x64
		{7D39862C-AB77-4BE2-9DED-D330BD162623}.Release|x64.Build.0 = Release|x64
		{7D39862C-AB77-4BE2-9DED-D330BD162623}.Release|x86.ActiveCfg = Release|Win32
		{7D39862C-AB77-4BE2-9DED-D330BD162623}.Release|x86.Build.0 = Release|Win32
	EndGlobalSection
	GlobalSection(SolutionProperties) = preSolution
		HideSolutionNode = FALSE
	EndGlobalSection
	GlobalSection(ExtensibilityGlobals) = postSolution
		SolutionGuid = {B7309A18-EABF-4CEE-9DA1-085CA3985B8C}
	EndGlobalSection
EndGlobal
